// !$*UTF8*$!
{
	archiveVersion = 1;
	classes = {
	};
	objectVersion = 46;
	objects = {

/* Begin PBXBuildFile section */
		0005BD4518C1AC49006AB1B2 /* default_avatar@2x.png in Resources */ = {isa = PBXBuildFile; fileRef = 0005BD4418C1AC49006AB1B2 /* default_avatar@2x.png */; };
		0058E33818BDD18000747812 /* Foundation.framework in Frameworks */ = {isa = PBXBuildFile; fileRef = 0058E33718BDD18000747812 /* Foundation.framework */; };
		0058E33A18BDD18000747812 /* CoreGraphics.framework in Frameworks */ = {isa = PBXBuildFile; fileRef = 0058E33918BDD18000747812 /* CoreGraphics.framework */; };
		0058E33C18BDD18000747812 /* UIKit.framework in Frameworks */ = {isa = PBXBuildFile; fileRef = 0058E33B18BDD18000747812 /* UIKit.framework */; };
		0058E34218BDD18000747812 /* InfoPlist.strings in Resources */ = {isa = PBXBuildFile; fileRef = 0058E34018BDD18000747812 /* InfoPlist.strings */; };
		0058E34418BDD18000747812 /* main.m in Sources */ = {isa = PBXBuildFile; fileRef = 0058E34318BDD18000747812 /* main.m */; };
		0058E34818BDD18000747812 /* AppDelegate.m in Sources */ = {isa = PBXBuildFile; fileRef = 0058E34718BDD18000747812 /* AppDelegate.m */; };
		0058E34B18BDD18000747812 /* Main.storyboard in Resources */ = {isa = PBXBuildFile; fileRef = 0058E34918BDD18000747812 /* Main.storyboard */; };
		0058E35118BDD18000747812 /* SecondViewController.m in Sources */ = {isa = PBXBuildFile; fileRef = 0058E35018BDD18000747812 /* SecondViewController.m */; };
		0058E35318BDD18000747812 /* Images.xcassets in Resources */ = {isa = PBXBuildFile; fileRef = 0058E35218BDD18000747812 /* Images.xcassets */; };
		0058E35A18BDD18000747812 /* XCTest.framework in Frameworks */ = {isa = PBXBuildFile; fileRef = 0058E35918BDD18000747812 /* XCTest.framework */; };
		0058E35B18BDD18000747812 /* Foundation.framework in Frameworks */ = {isa = PBXBuildFile; fileRef = 0058E33718BDD18000747812 /* Foundation.framework */; };
		0058E35C18BDD18000747812 /* UIKit.framework in Frameworks */ = {isa = PBXBuildFile; fileRef = 0058E33B18BDD18000747812 /* UIKit.framework */; };
		0058E36418BDD18000747812 /* InfoPlist.strings in Resources */ = {isa = PBXBuildFile; fileRef = 0058E36218BDD18000747812 /* InfoPlist.strings */; };
		0058E36618BDD18000747812 /* rboxTests.m in Sources */ = {isa = PBXBuildFile; fileRef = 0058E36518BDD18000747812 /* rboxTests.m */; };
		006614F818BDE43F00C046B8 /* TopRatedViewController.m in Sources */ = {isa = PBXBuildFile; fileRef = 006614F718BDE43F00C046B8 /* TopRatedViewController.m */; };
		006614FA18BE13BF00C046B8 /* AVFoundation.framework in Frameworks */ = {isa = PBXBuildFile; fileRef = 006614F918BE13BF00C046B8 /* AVFoundation.framework */; };
		4E6FACDF18C438190081274B /* welfare_icon_picplay.png in Resources */ = {isa = PBXBuildFile; fileRef = 4E6FACDD18C438190081274B /* welfare_icon_picplay.png */; };
		4E6FACE018C438190081274B /* welfare_icon_suspended.png in Resources */ = {isa = PBXBuildFile; fileRef = 4E6FACDE18C438190081274B /* welfare_icon_suspended.png */; };
		4E9F33AF18C2E016002FB778 /* MP.m in Sources */ = {isa = PBXBuildFile; fileRef = 4E9F33A118C2E015002FB778 /* MP.m */; };
		4E9F33B018C2E016002FB778 /* MPACL.m in Sources */ = {isa = PBXBuildFile; fileRef = 4E9F33A318C2E015002FB778 /* MPACL.m */; };
		4E9F33B118C2E016002FB778 /* MPFile.m in Sources */ = {isa = PBXBuildFile; fileRef = 4E9F33A618C2E015002FB778 /* MPFile.m */; };
		4E9F33B218C2E016002FB778 /* MPObject.m in Sources */ = {isa = PBXBuildFile; fileRef = 4E9F33A818C2E015002FB778 /* MPObject.m */; };
		4E9F33B318C2E016002FB778 /* MPQuery.m in Sources */ = {isa = PBXBuildFile; fileRef = 4E9F33AA18C2E016002FB778 /* MPQuery.m */; };
		4E9F33B418C2E016002FB778 /* MPRelation.m in Sources */ = {isa = PBXBuildFile; fileRef = 4E9F33AC18C2E016002FB778 /* MPRelation.m */; };
		4E9F33B518C2E016002FB778 /* MPUser.m in Sources */ = {isa = PBXBuildFile; fileRef = 4E9F33AE18C2E016002FB778 /* MPUser.m */; };
		4E9F33B818C2E4B5002FB778 /* YWRoundProgressView.m in Sources */ = {isa = PBXBuildFile; fileRef = 4E9F33B718C2E4B5002FB778 /* YWRoundProgressView.m */; };
		DD2001058C7941B8A1EA90D9 /* libPods.a in Frameworks */ = {isa = PBXBuildFile; fileRef = 57F3C847965D4027804BA17B /* libPods.a */; };
/* End PBXBuildFile section */

/* Begin PBXContainerItemProxy section */
		0058E35D18BDD18000747812 /* PBXContainerItemProxy */ = {
			isa = PBXContainerItemProxy;
			containerPortal = 0058E32C18BDD18000747812 /* Project object */;
			proxyType = 1;
			remoteGlobalIDString = 0058E33318BDD18000747812;
			remoteInfo = rbox;
		};
/* End PBXContainerItemProxy section */

/* Begin PBXFileReference section */
		0005BD4418C1AC49006AB1B2 /* default_avatar@2x.png */ = {isa = PBXFileReference; lastKnownFileType = image.png; path = "default_avatar@2x.png"; sourceTree = "<group>"; };
		0058E33418BDD18000747812 /* rbox.app */ = {isa = PBXFileReference; explicitFileType = wrapper.application; includeInIndex = 0; path = rbox.app; sourceTree = BUILT_PRODUCTS_DIR; };
		0058E33718BDD18000747812 /* Foundation.framework */ = {isa = PBXFileReference; lastKnownFileType = wrapper.framework; name = Foundation.framework; path = System/Library/Frameworks/Foundation.framework; sourceTree = SDKROOT; };
		0058E33918BDD18000747812 /* CoreGraphics.framework */ = {isa = PBXFileReference; lastKnownFileType = wrapper.framework; name = CoreGraphics.framework; path = System/Library/Frameworks/CoreGraphics.framework; sourceTree = SDKROOT; };
		0058E33B18BDD18000747812 /* UIKit.framework */ = {isa = PBXFileReference; lastKnownFileType = wrapper.framework; name = UIKit.framework; path = System/Library/Frameworks/UIKit.framework; sourceTree = SDKROOT; };
		0058E33F18BDD18000747812 /* rbox-Info.plist */ = {isa = PBXFileReference; lastKnownFileType = text.plist.xml; path = "rbox-Info.plist"; sourceTree = "<group>"; };
		0058E34118BDD18000747812 /* en */ = {isa = PBXFileReference; lastKnownFileType = text.plist.strings; name = en; path = en.lproj/InfoPlist.strings; sourceTree = "<group>"; };
		0058E34318BDD18000747812 /* main.m */ = {isa = PBXFileReference; lastKnownFileType = sourcecode.c.objc; path = main.m; sourceTree = "<group>"; };
		0058E34518BDD18000747812 /* rbox-Prefix.pch */ = {isa = PBXFileReference; lastKnownFileType = sourcecode.c.h; path = "rbox-Prefix.pch"; sourceTree = "<group>"; };
		0058E34618BDD18000747812 /* AppDelegate.h */ = {isa = PBXFileReference; lastKnownFileType = sourcecode.c.h; path = AppDelegate.h; sourceTree = "<group>"; };
		0058E34718BDD18000747812 /* AppDelegate.m */ = {isa = PBXFileReference; lastKnownFileType = sourcecode.c.objc; path = AppDelegate.m; sourceTree = "<group>"; };
		0058E34A18BDD18000747812 /* Base */ = {isa = PBXFileReference; lastKnownFileType = file.storyboard; name = Base; path = Base.lproj/Main.storyboard; sourceTree = "<group>"; };
		0058E34F18BDD18000747812 /* SecondViewController.h */ = {isa = PBXFileReference; lastKnownFileType = sourcecode.c.h; path = SecondViewController.h; sourceTree = "<group>"; };
		0058E35018BDD18000747812 /* SecondViewController.m */ = {isa = PBXFileReference; lastKnownFileType = sourcecode.c.objc; path = SecondViewController.m; sourceTree = "<group>"; };
		0058E35218BDD18000747812 /* Images.xcassets */ = {isa = PBXFileReference; lastKnownFileType = folder.assetcatalog; path = Images.xcassets; sourceTree = "<group>"; };
		0058E35818BDD18000747812 /* rboxTests.xctest */ = {isa = PBXFileReference; explicitFileType = wrapper.cfbundle; includeInIndex = 0; path = rboxTests.xctest; sourceTree = BUILT_PRODUCTS_DIR; };
		0058E35918BDD18000747812 /* XCTest.framework */ = {isa = PBXFileReference; lastKnownFileType = wrapper.framework; name = XCTest.framework; path = Library/Frameworks/XCTest.framework; sourceTree = DEVELOPER_DIR; };
		0058E36118BDD18000747812 /* rboxTests-Info.plist */ = {isa = PBXFileReference; lastKnownFileType = text.plist.xml; path = "rboxTests-Info.plist"; sourceTree = "<group>"; };
		0058E36318BDD18000747812 /* en */ = {isa = PBXFileReference; lastKnownFileType = text.plist.strings; name = en; path = en.lproj/InfoPlist.strings; sourceTree = "<group>"; };
		0058E36518BDD18000747812 /* rboxTests.m */ = {isa = PBXFileReference; lastKnownFileType = sourcecode.c.objc; path = rboxTests.m; sourceTree = "<group>"; };
		006614F618BDE43F00C046B8 /* TopRatedViewController.h */ = {isa = PBXFileReference; fileEncoding = 4; lastKnownFileType = sourcecode.c.h; path = TopRatedViewController.h; sourceTree = "<group>"; };
		006614F718BDE43F00C046B8 /* TopRatedViewController.m */ = {isa = PBXFileReference; fileEncoding = 4; lastKnownFileType = sourcecode.c.objc; path = TopRatedViewController.m; sourceTree = "<group>"; };
		006614F918BE13BF00C046B8 /* AVFoundation.framework */ = {isa = PBXFileReference; lastKnownFileType = wrapper.framework; name = AVFoundation.framework; path = System/Library/Frameworks/AVFoundation.framework; sourceTree = SDKROOT; };
		478188A7ADBC42BFA8C9880E /* Pods.xcconfig */ = {isa = PBXFileReference; includeInIndex = 1; lastKnownFileType = text.xcconfig; name = Pods.xcconfig; path = Pods/Pods.xcconfig; sourceTree = "<group>"; };
		4E6FACDD18C438190081274B /* welfare_icon_picplay.png */ = {isa = PBXFileReference; lastKnownFileType = image.png; path = welfare_icon_picplay.png; sourceTree = "<group>"; };
		4E6FACDE18C438190081274B /* welfare_icon_suspended.png */ = {isa = PBXFileReference; lastKnownFileType = image.png; path = welfare_icon_suspended.png; sourceTree = "<group>"; };
		4E9F33A018C2E015002FB778 /* MP.h */ = {isa = PBXFileReference; fileEncoding = 4; lastKnownFileType = sourcecode.c.h; path = MP.h; sourceTree = "<group>"; };
		4E9F33A118C2E015002FB778 /* MP.m */ = {isa = PBXFileReference; fileEncoding = 4; lastKnownFileType = sourcecode.c.objc; path = MP.m; sourceTree = "<group>"; };
		4E9F33A218C2E015002FB778 /* MPACL.h */ = {isa = PBXFileReference; fileEncoding = 4; lastKnownFileType = sourcecode.c.h; path = MPACL.h; sourceTree = "<group>"; };
		4E9F33A318C2E015002FB778 /* MPACL.m */ = {isa = PBXFileReference; fileEncoding = 4; lastKnownFileType = sourcecode.c.objc; path = MPACL.m; sourceTree = "<group>"; };
		4E9F33A418C2E015002FB778 /* MPConstants.h */ = {isa = PBXFileReference; fileEncoding = 4; lastKnownFileType = sourcecode.c.h; path = MPConstants.h; sourceTree = "<group>"; };
		4E9F33A518C2E015002FB778 /* MPFile.h */ = {isa = PBXFileReference; fileEncoding = 4; lastKnownFileType = sourcecode.c.h; path = MPFile.h; sourceTree = "<group>"; };
		4E9F33A618C2E015002FB778 /* MPFile.m */ = {isa = PBXFileReference; fileEncoding = 4; lastKnownFileType = sourcecode.c.objc; path = MPFile.m; sourceTree = "<group>"; };
		4E9F33A718C2E015002FB778 /* MPObject.h */ = {isa = PBXFileReference; fileEncoding = 4; lastKnownFileType = sourcecode.c.h; path = MPObject.h; sourceTree = "<group>"; };
		4E9F33A818C2E015002FB778 /* MPObject.m */ = {isa = PBXFileReference; fileEncoding = 4; lastKnownFileType = sourcecode.c.objc; path = MPObject.m; sourceTree = "<group>"; };
		4E9F33A918C2E016002FB778 /* MPQuery.h */ = {isa = PBXFileReference; fileEncoding = 4; lastKnownFileType = sourcecode.c.h; path = MPQuery.h; sourceTree = "<group>"; };
		4E9F33AA18C2E016002FB778 /* MPQuery.m */ = {isa = PBXFileReference; fileEncoding = 4; lastKnownFileType = sourcecode.c.objc; path = MPQuery.m; sourceTree = "<group>"; };
		4E9F33AB18C2E016002FB778 /* MPRelation.h */ = {isa = PBXFileReference; fileEncoding = 4; lastKnownFileType = sourcecode.c.h; path = MPRelation.h; sourceTree = "<group>"; };
		4E9F33AC18C2E016002FB778 /* MPRelation.m */ = {isa = PBXFileReference; fileEncoding = 4; lastKnownFileType = sourcecode.c.objc; path = MPRelation.m; sourceTree = "<group>"; };
		4E9F33AD18C2E016002FB778 /* MPUser.h */ = {isa = PBXFileReference; fileEncoding = 4; lastKnownFileType = sourcecode.c.h; path = MPUser.h; sourceTree = "<group>"; };
		4E9F33AE18C2E016002FB778 /* MPUser.m */ = {isa = PBXFileReference; fileEncoding = 4; lastKnownFileType = sourcecode.c.objc; path = MPUser.m; sourceTree = "<group>"; };
		4E9F33B618C2E4B5002FB778 /* YWRoundProgressView.h */ = {isa = PBXFileReference; fileEncoding = 4; lastKnownFileType = sourcecode.c.h; path = YWRoundProgressView.h; sourceTree = "<group>"; };
		4E9F33B718C2E4B5002FB778 /* YWRoundProgressView.m */ = {isa = PBXFileReference; fileEncoding = 4; lastKnownFileType = sourcecode.c.objc; path = YWRoundProgressView.m; sourceTree = "<group>"; };
		57F3C847965D4027804BA17B /* libPods.a */ = {isa = PBXFileReference; explicitFileType = archive.ar; includeInIndex = 0; path = libPods.a; sourceTree = BUILT_PRODUCTS_DIR; };
/* End PBXFileReference section */

/* Begin PBXFrameworksBuildPhase section */
		0058E33118BDD18000747812 /* Frameworks */ = {
			isa = PBXFrameworksBuildPhase;
			buildActionMask = 2147483647;
			files = (
				006614FA18BE13BF00C046B8 /* AVFoundation.framework in Frameworks */,
				0058E33A18BDD18000747812 /* CoreGraphics.framework in Frameworks */,
				0058E33C18BDD18000747812 /* UIKit.framework in Frameworks */,
				0058E33818BDD18000747812 /* Foundation.framework in Frameworks */,
				DD2001058C7941B8A1EA90D9 /* libPods.a in Frameworks */,
			);
			runOnlyForDeploymentPostprocessing = 0;
		};
		0058E35518BDD18000747812 /* Frameworks */ = {
			isa = PBXFrameworksBuildPhase;
			buildActionMask = 2147483647;
			files = (
				0058E35A18BDD18000747812 /* XCTest.framework in Frameworks */,
				0058E35C18BDD18000747812 /* UIKit.framework in Frameworks */,
				0058E35B18BDD18000747812 /* Foundation.framework in Frameworks */,
			);
			runOnlyForDeploymentPostprocessing = 0;
		};
/* End PBXFrameworksBuildPhase section */

/* Begin PBXGroup section */
		0005BD4218C1AC2C006AB1B2 /* Resources */ = {
			isa = PBXGroup;
			children = (
				0005BD4318C1AC37006AB1B2 /* Images */,
			);
			name = Resources;
			sourceTree = "<group>";
		};
		0005BD4318C1AC37006AB1B2 /* Images */ = {
			isa = PBXGroup;
			children = (
				0005BD4418C1AC49006AB1B2 /* default_avatar@2x.png */,
				4E6FACDD18C438190081274B /* welfare_icon_picplay.png */,
				4E6FACDE18C438190081274B /* welfare_icon_suspended.png */,
			);
			name = Images;
			sourceTree = "<group>";
		};
		0058E32B18BDD18000747812 = {
			isa = PBXGroup;
			children = (
				0058E33D18BDD18000747812 /* rbox */,
				0005BD4218C1AC2C006AB1B2 /* Resources */,
				0058E35F18BDD18000747812 /* rboxTests */,
				0058E33618BDD18000747812 /* Frameworks */,
				0058E33518BDD18000747812 /* Products */,
				478188A7ADBC42BFA8C9880E /* Pods.xcconfig */,
			);
			sourceTree = "<group>";
		};
		0058E33518BDD18000747812 /* Products */ = {
			isa = PBXGroup;
			children = (
				0058E33418BDD18000747812 /* rbox.app */,
				0058E35818BDD18000747812 /* rboxTests.xctest */,
			);
			name = Products;
			sourceTree = "<group>";
		};
		0058E33618BDD18000747812 /* Frameworks */ = {
			isa = PBXGroup;
			children = (
				006614F918BE13BF00C046B8 /* AVFoundation.framework */,
				0058E33718BDD18000747812 /* Foundation.framework */,
				0058E33918BDD18000747812 /* CoreGraphics.framework */,
				0058E33B18BDD18000747812 /* UIKit.framework */,
				0058E35918BDD18000747812 /* XCTest.framework */,
				57F3C847965D4027804BA17B /* libPods.a */,
			);
			name = Frameworks;
			sourceTree = "<group>";
		};
		0058E33D18BDD18000747812 /* rbox */ = {
			isa = PBXGroup;
			children = (
				0058E34618BDD18000747812 /* AppDelegate.h */,
				0058E34718BDD18000747812 /* AppDelegate.m */,
				006614F618BDE43F00C046B8 /* TopRatedViewController.h */,
				006614F718BDE43F00C046B8 /* TopRatedViewController.m */,
				0058E34918BDD18000747812 /* Main.storyboard */,
				0058E34F18BDD18000747812 /* SecondViewController.h */,
				0058E35018BDD18000747812 /* SecondViewController.m */,
				4E9F33B618C2E4B5002FB778 /* YWRoundProgressView.h */,
				4E9F33B718C2E4B5002FB778 /* YWRoundProgressView.m */,
				4E9F339F18C2E015002FB778 /* MPSDK */,
				0058E33E18BDD18000747812 /* Supporting Files */,
				0058E35218BDD18000747812 /* Images.xcassets */,
			);
			path = rbox;
			sourceTree = "<group>";
		};
		0058E33E18BDD18000747812 /* Supporting Files */ = {
			isa = PBXGroup;
			children = (
				0058E33F18BDD18000747812 /* rbox-Info.plist */,
				0058E34018BDD18000747812 /* InfoPlist.strings */,
				0058E34318BDD18000747812 /* main.m */,
				0058E34518BDD18000747812 /* rbox-Prefix.pch */,
			);
			name = "Supporting Files";
			sourceTree = "<group>";
		};
		0058E35F18BDD18000747812 /* rboxTests */ = {
			isa = PBXGroup;
			children = (
				0058E36518BDD18000747812 /* rboxTests.m */,
				0058E36018BDD18000747812 /* Supporting Files */,
			);
			path = rboxTests;
			sourceTree = "<group>";
		};
		0058E36018BDD18000747812 /* Supporting Files */ = {
			isa = PBXGroup;
			children = (
				0058E36118BDD18000747812 /* rboxTests-Info.plist */,
				0058E36218BDD18000747812 /* InfoPlist.strings */,
			);
			name = "Supporting Files";
			sourceTree = "<group>";
		};
		4E9F339F18C2E015002FB778 /* MPSDK */ = {
			isa = PBXGroup;
			children = (
				4E9F33A018C2E015002FB778 /* MP.h */,
				4E9F33A118C2E015002FB778 /* MP.m */,
				4E9F33A218C2E015002FB778 /* MPACL.h */,
				4E9F33A318C2E015002FB778 /* MPACL.m */,
				4E9F33A418C2E015002FB778 /* MPConstants.h */,
				4E9F33A518C2E015002FB778 /* MPFile.h */,
				4E9F33A618C2E015002FB778 /* MPFile.m */,
				4E9F33A718C2E015002FB778 /* MPObject.h */,
				4E9F33A818C2E015002FB778 /* MPObject.m */,
				4E9F33A918C2E016002FB778 /* MPQuery.h */,
				4E9F33AA18C2E016002FB778 /* MPQuery.m */,
				4E9F33AB18C2E016002FB778 /* MPRelation.h */,
				4E9F33AC18C2E016002FB778 /* MPRelation.m */,
				4E9F33AD18C2E016002FB778 /* MPUser.h */,
				4E9F33AE18C2E016002FB778 /* MPUser.m */,
			);
			path = MPSDK;
			sourceTree = "<group>";
		};
/* End PBXGroup section */

/* Begin PBXNativeTarget section */
		0058E33318BDD18000747812 /* rbox */ = {
			isa = PBXNativeTarget;
			buildConfigurationList = 0058E36918BDD18000747812 /* Build configuration list for PBXNativeTarget "rbox" */;
			buildPhases = (
				7140865668B342809C0E399E /* Check Pods Manifest.lock */,
				0058E33018BDD18000747812 /* Sources */,
				0058E33118BDD18000747812 /* Frameworks */,
				0058E33218BDD18000747812 /* Resources */,
				E659FCFB94E44130A62F2BE2 /* Copy Pods Resources */,
			);
			buildRules = (
			);
			dependencies = (
			);
			name = rbox;
			productName = rbox;
			productReference = 0058E33418BDD18000747812 /* rbox.app */;
			productType = "com.apple.product-type.application";
		};
		0058E35718BDD18000747812 /* rboxTests */ = {
			isa = PBXNativeTarget;
			buildConfigurationList = 0058E36C18BDD18000747812 /* Build configuration list for PBXNativeTarget "rboxTests" */;
			buildPhases = (
				0058E35418BDD18000747812 /* Sources */,
				0058E35518BDD18000747812 /* Frameworks */,
				0058E35618BDD18000747812 /* Resources */,
			);
			buildRules = (
			);
			dependencies = (
				0058E35E18BDD18000747812 /* PBXTargetDependency */,
			);
			name = rboxTests;
			productName = rboxTests;
			productReference = 0058E35818BDD18000747812 /* rboxTests.xctest */;
			productType = "com.apple.product-type.bundle.unit-test";
		};
/* End PBXNativeTarget section */

/* Begin PBXProject section */
		0058E32C18BDD18000747812 /* Project object */ = {
			isa = PBXProject;
			attributes = {
				LastUpgradeCheck = 0500;
				ORGANIZATIONNAME = "Wan Wei";
				TargetAttributes = {
					0058E35718BDD18000747812 = {
						TestTargetID = 0058E33318BDD18000747812;
					};
				};
			};
			buildConfigurationList = 0058E32F18BDD18000747812 /* Build configuration list for PBXProject "rbox" */;
			compatibilityVersion = "Xcode 3.2";
			developmentRegion = English;
			hasScannedForEncodings = 0;
			knownRegions = (
				en,
				Base,
			);
			mainGroup = 0058E32B18BDD18000747812;
			productRefGroup = 0058E33518BDD18000747812 /* Products */;
			projectDirPath = "";
			projectRoot = "";
			targets = (
				0058E33318BDD18000747812 /* rbox */,
				0058E35718BDD18000747812 /* rboxTests */,
			);
		};
/* End PBXProject section */

/* Begin PBXResourcesBuildPhase section */
		0058E33218BDD18000747812 /* Resources */ = {
			isa = PBXResourcesBuildPhase;
			buildActionMask = 2147483647;
			files = (
				0058E35318BDD18000747812 /* Images.xcassets in Resources */,
				0005BD4518C1AC49006AB1B2 /* default_avatar@2x.png in Resources */,
				0058E34218BDD18000747812 /* InfoPlist.strings in Resources */,
				4E6FACE018C438190081274B /* welfare_icon_suspended.png in Resources */,
				4E6FACDF18C438190081274B /* welfare_icon_picplay.png in Resources */,
				0058E34B18BDD18000747812 /* Main.storyboard in Resources */,
			);
			runOnlyForDeploymentPostprocessing = 0;
		};
		0058E35618BDD18000747812 /* Resources */ = {
			isa = PBXResourcesBuildPhase;
			buildActionMask = 2147483647;
			files = (
				0058E36418BDD18000747812 /* InfoPlist.strings in Resources */,
			);
			runOnlyForDeploymentPostprocessing = 0;
		};
/* End PBXResourcesBuildPhase section */

/* Begin PBXShellScriptBuildPhase section */
		7140865668B342809C0E399E /* Check Pods Manifest.lock */ = {
			isa = PBXShellScriptBuildPhase;
			buildActionMask = 2147483647;
			files = (
			);
			inputPaths = (
			);
			name = "Check Pods Manifest.lock";
			outputPaths = (
			);
			runOnlyForDeploymentPostprocessing = 0;
			shellPath = /bin/sh;
			shellScript = "diff \"${PODS_ROOT}/../Podfile.lock\" \"${PODS_ROOT}/Manifest.lock\" > /dev/null\nif [[ $? != 0 ]] ; then\n    cat << EOM\nerror: The sandbox is not in sync with the Podfile.lock. Run 'pod install' or update your CocoaPods installation.\nEOM\n    exit 1\nfi\n";
			showEnvVarsInLog = 0;
		};
		E659FCFB94E44130A62F2BE2 /* Copy Pods Resources */ = {
			isa = PBXShellScriptBuildPhase;
			buildActionMask = 2147483647;
			files = (
			);
			inputPaths = (
			);
			name = "Copy Pods Resources";
			outputPaths = (
			);
			runOnlyForDeploymentPostprocessing = 0;
			shellPath = /bin/sh;
			shellScript = "\"${SRCROOT}/Pods/Pods-resources.sh\"\n";
			showEnvVarsInLog = 0;
		};
/* End PBXShellScriptBuildPhase section */

/* Begin PBXSourcesBuildPhase section */
		0058E33018BDD18000747812 /* Sources */ = {
			isa = PBXSourcesBuildPhase;
			buildActionMask = 2147483647;
			files = (
				4E9F33B118C2E016002FB778 /* MPFile.m in Sources */,
				4E9F33B218C2E016002FB778 /* MPObject.m in Sources */,
				4E9F33B418C2E016002FB778 /* MPRelation.m in Sources */,
				0058E35118BDD18000747812 /* SecondViewController.m in Sources */,
				4E9F33B818C2E4B5002FB778 /* YWRoundProgressView.m in Sources */,
				0058E34818BDD18000747812 /* AppDelegate.m in Sources */,
				0058E34418BDD18000747812 /* main.m in Sources */,
				4E9F33B018C2E016002FB778 /* MPACL.m in Sources */,
				006614F818BDE43F00C046B8 /* TopRatedViewController.m in Sources */,
				4E9F33B318C2E016002FB778 /* MPQuery.m in Sources */,
				4E9F33AF18C2E016002FB778 /* MP.m in Sources */,
				4E9F33B518C2E016002FB778 /* MPUser.m in Sources */,
			);
			runOnlyForDeploymentPostprocessing = 0;
		};
		0058E35418BDD18000747812 /* Sources */ = {
			isa = PBXSourcesBuildPhase;
			buildActionMask = 2147483647;
			files = (
				0058E36618BDD18000747812 /* rboxTests.m in Sources */,
			);
			runOnlyForDeploymentPostprocessing = 0;
		};
/* End PBXSourcesBuildPhase section */

/* Begin PBXTargetDependency section */
		0058E35E18BDD18000747812 /* PBXTargetDependency */ = {
			isa = PBXTargetDependency;
			target = 0058E33318BDD18000747812 /* rbox */;
			targetProxy = 0058E35D18BDD18000747812 /* PBXContainerItemProxy */;
		};
/* End PBXTargetDependency section */

/* Begin PBXVariantGroup section */
		0058E34018BDD18000747812 /* InfoPlist.strings */ = {
			isa = PBXVariantGroup;
			children = (
				0058E34118BDD18000747812 /* en */,
			);
			name = InfoPlist.strings;
			sourceTree = "<group>";
		};
		0058E34918BDD18000747812 /* Main.storyboard */ = {
			isa = PBXVariantGroup;
			children = (
				0058E34A18BDD18000747812 /* Base */,
			);
			name = Main.storyboard;
			sourceTree = "<group>";
		};
		0058E36218BDD18000747812 /* InfoPlist.strings */ = {
			isa = PBXVariantGroup;
			children = (
				0058E36318BDD18000747812 /* en */,
			);
			name = InfoPlist.strings;
			sourceTree = "<group>";
		};
/* End PBXVariantGroup section */

/* Begin XCBuildConfiguration section */
		0058E36718BDD18000747812 /* Debug */ = {
			isa = XCBuildConfiguration;
			buildSettings = {
				ALWAYS_SEARCH_USER_PATHS = NO;
				ARCHS = "$(ARCHS_STANDARD_INCLUDING_64_BIT)";
				CLANG_CXX_LANGUAGE_STANDARD = "gnu++0x";
				CLANG_CXX_LIBRARY = "libc++";
				CLANG_ENABLE_MODULES = YES;
				CLANG_ENABLE_OBJC_ARC = YES;
				CLANG_WARN_BOOL_CONVERSION = YES;
				CLANG_WARN_CONSTANT_CONVERSION = YES;
				CLANG_WARN_DIRECT_OBJC_ISA_USAGE = YES_ERROR;
				CLANG_WARN_EMPTY_BODY = YES;
				CLANG_WARN_ENUM_CONVERSION = YES;
				CLANG_WARN_INT_CONVERSION = YES;
				CLANG_WARN_OBJC_ROOT_CLASS = YES_ERROR;
				CLANG_WARN__DUPLICATE_METHOD_MATCH = YES;
				"CODE_SIGN_IDENTITY[sdk=iphoneos*]" = "iPhone Developer";
				COPY_PHASE_STRIP = NO;
				GCC_C_LANGUAGE_STANDARD = gnu99;
				GCC_DYNAMIC_NO_PIC = NO;
				GCC_OPTIMIZATION_LEVEL = 0;
				GCC_PREPROCESSOR_DEFINITIONS = (
					"DEBUG=1",
					"$(inherited)",
				);
				GCC_SYMBOLS_PRIVATE_EXTERN = NO;
				GCC_WARN_64_TO_32_BIT_CONVERSION = YES;
				GCC_WARN_ABOUT_RETURN_TYPE = YES_ERROR;
				GCC_WARN_UNDECLARED_SELECTOR = YES;
				GCC_WARN_UNINITIALIZED_AUTOS = YES;
				GCC_WARN_UNUSED_FUNCTION = YES;
				GCC_WARN_UNUSED_VARIABLE = YES;
				IPHONEOS_DEPLOYMENT_TARGET = 7.0;
				ONLY_ACTIVE_ARCH = YES;
				SDKROOT = iphoneos;
			};
			name = Debug;
		};
		0058E36818BDD18000747812 /* Release */ = {
			isa = XCBuildConfiguration;
			buildSettings = {
				ALWAYS_SEARCH_USER_PATHS = NO;
				ARCHS = "$(ARCHS_STANDARD_INCLUDING_64_BIT)";
				CLANG_CXX_LANGUAGE_STANDARD = "gnu++0x";
				CLANG_CXX_LIBRARY = "libc++";
				CLANG_ENABLE_MODULES = YES;
				CLANG_ENABLE_OBJC_ARC = YES;
				CLANG_WARN_BOOL_CONVERSION = YES;
				CLANG_WARN_CONSTANT_CONVERSION = YES;
				CLANG_WARN_DIRECT_OBJC_ISA_USAGE = YES_ERROR;
				CLANG_WARN_EMPTY_BODY = YES;
				CLANG_WARN_ENUM_CONVERSION = YES;
				CLANG_WARN_INT_CONVERSION = YES;
				CLANG_WARN_OBJC_ROOT_CLASS = YES_ERROR;
				CLANG_WARN__DUPLICATE_METHOD_MATCH = YES;
				"CODE_SIGN_IDENTITY[sdk=iphoneos*]" = "iPhone Developer";
				COPY_PHASE_STRIP = YES;
				ENABLE_NS_ASSERTIONS = NO;
				GCC_C_LANGUAGE_STANDARD = gnu99;
				GCC_WARN_64_TO_32_BIT_CONVERSION = YES;
				GCC_WARN_ABOUT_RETURN_TYPE = YES_ERROR;
				GCC_WARN_UNDECLARED_SELECTOR = YES;
				GCC_WARN_UNINITIALIZED_AUTOS = YES;
				GCC_WARN_UNUSED_FUNCTION = YES;
				GCC_WARN_UNUSED_VARIABLE = YES;
				IPHONEOS_DEPLOYMENT_TARGET = 7.0;
				SDKROOT = iphoneos;
				VALIDATE_PRODUCT = YES;
			};
			name = Release;
		};
		0058E36A18BDD18000747812 /* Debug */ = {
			isa = XCBuildConfiguration;
			baseConfigurationReference = 478188A7ADBC42BFA8C9880E /* Pods.xcconfig */;
			buildSettings = {
				ASSETCATALOG_COMPILER_APPICON_NAME = AppIcon;
				ASSETCATALOG_COMPILER_LAUNCHIMAGE_NAME = LaunchImage;
				GCC_PRECOMPILE_PREFIX_HEADER = YES;
				GCC_PREFIX_HEADER = "rbox/rbox-Prefix.pch";
				INFOPLIST_FILE = "rbox/rbox-Info.plist";
				PRODUCT_NAME = "$(TARGET_NAME)";
				WRAPPER_EXTENSION = app;
			};
			name = Debug;
		};
		0058E36B18BDD18000747812 /* Release */ = {
			isa = XCBuildConfiguration;
			baseConfigurationReference = 478188A7ADBC42BFA8C9880E /* Pods.xcconfig */;
			buildSettings = {
				ASSETCATALOG_COMPILER_APPICON_NAME = AppIcon;
				ASSETCATALOG_COMPILER_LAUNCHIMAGE_NAME = LaunchImage;
				GCC_PRECOMPILE_PREFIX_HEADER = YES;
				GCC_PREFIX_HEADER = "rbox/rbox-Prefix.pch";
				INFOPLIST_FILE = "rbox/rbox-Info.plist";
				PRODUCT_NAME = "$(TARGET_NAME)";
				WRAPPER_EXTENSION = app;
			};
			name = Release;
		};
		0058E36D18BDD18000747812 /* Debug */ = {
			isa = XCBuildConfiguration;
			buildSettings = {
				ARCHS = "$(ARCHS_STANDARD_INCLUDING_64_BIT)";
				BUNDLE_LOADER = "$(BUILT_PRODUCTS_DIR)/rbox.app/rbox";
				FRAMEWORK_SEARCH_PATHS = (
					"$(SDKROOT)/Developer/Library/Frameworks",
					"$(inherited)",
					"$(DEVELOPER_FRAMEWORKS_DIR)",
				);
				GCC_PRECOMPILE_PREFIX_HEADER = YES;
				GCC_PREFIX_HEADER = "rbox/rbox-Prefix.pch";
				GCC_PREPROCESSOR_DEFINITIONS = (
					"DEBUG=1",
					"$(inherited)",
				);
				INFOPLIST_FILE = "rboxTests/rboxTests-Info.plist";
				PRODUCT_NAME = "$(TARGET_NAME)";
				TEST_HOST = "$(BUNDLE_LOADER)";
				WRAPPER_EXTENSION = xctest;
			};
			name = Debug;
		};
		0058E36E18BDD18000747812 /* Release */ = {
			isa = XCBuildConfiguration;
			buildSettings = {
				ARCHS = "$(ARCHS_STANDARD_INCLUDING_64_BIT)";
				BUNDLE_LOADER = "$(BUILT_PRODUCTS_DIR)/rbox.app/rbox";
				FRAMEWORK_SEARCH_PATHS = (
					"$(SDKROOT)/Developer/Library/Frameworks",
					"$(inherited)",
					"$(DEVELOPER_FRAMEWORKS_DIR)",
				);
				GCC_PRECOMPILE_PREFIX_HEADER = YES;
				GCC_PREFIX_HEADER = "rbox/rbox-Prefix.pch";
				INFOPLIST_FILE = "rboxTests/rboxTests-Info.plist";
				PRODUCT_NAME = "$(TARGET_NAME)";
				TEST_HOST = "$(BUNDLE_LOADER)";
				WRAPPER_EXTENSION = xctest;
			};
			name = Release;
		};
/* End XCBuildConfiguration section */

/* Begin XCConfigurationList section */
		0058E32F18BDD18000747812 /* Build configuration list for PBXProject "rbox" */ = {
			isa = XCConfigurationList;
			buildConfigurations = (
				0058E36718BDD18000747812 /* Debug */,
				0058E36818BDD18000747812 /* Release */,
			);
			defaultConfigurationIsVisible = 0;
			defaultConfigurationName = Release;
		};
		0058E36918BDD18000747812 /* Build configuration list for PBXNativeTarget "rbox" */ = {
			isa = XCConfigurationList;
			buildConfigurations = (
				0058E36A18BDD18000747812 /* Debug */,
				0058E36B18BDD18000747812 /* Release */,
			);
			defaultConfigurationIsVisible = 0;
			defaultConfigurationName = Release;
		};
		0058E36C18BDD18000747812 /* Build configuration list for PBXNativeTarget "rboxTests" */ = {
			isa = XCConfigurationList;
			buildConfigurations = (
				0058E36D18BDD18000747812 /* Debug */,
				0058E36E18BDD18000747812 /* Release */,
			);
			defaultConfigurationIsVisible = 0;
			defaultConfigurationName = Release;
		};
/* End XCConfigurationList section */
	};
	rootObject = 0058E32C18BDD18000747812 /* Project object */;
}
